// !$*UTF8*$!
{
	archiveVersion = 1;
	classes = {
	};
	objectVersion = 56;
	objects = {

/* Begin PBXBuildFile section */
		8724914A2975AB8100528B8A /* LoginController.swift in Sources */ = {isa = PBXBuildFile; fileRef = 872491492975AB8100528B8A /* LoginController.swift */; };
		8724914C2975AC5800528B8A /* RegistrationController.swift in Sources */ = {isa = PBXBuildFile; fileRef = 8724914B2975AC5800528B8A /* RegistrationController.swift */; };
		87AE478429759AAB0035ACF9 /* Extensions.swift in Sources */ = {isa = PBXBuildFile; fileRef = 87AE478329759AAB0035ACF9 /* Extensions.swift */; };
		87E91B8F2970450000A93AA8 /* AppDelegate.swift in Sources */ = {isa = PBXBuildFile; fileRef = 87E91B8E2970450000A93AA8 /* AppDelegate.swift */; };
		87E91B912970450000A93AA8 /* SceneDelegate.swift in Sources */ = {isa = PBXBuildFile; fileRef = 87E91B902970450000A93AA8 /* SceneDelegate.swift */; };
		87E91B962970450000A93AA8 /* Main.storyboard in Resources */ = {isa = PBXBuildFile; fileRef = 87E91B942970450000A93AA8 /* Main.storyboard */; };
		87E91B982970450200A93AA8 /* Assets.xcassets in Resources */ = {isa = PBXBuildFile; fileRef = 87E91B972970450200A93AA8 /* Assets.xcassets */; };
		87E91B9B2970450200A93AA8 /* LaunchScreen.storyboard in Resources */ = {isa = PBXBuildFile; fileRef = 87E91B992970450200A93AA8 /* LaunchScreen.storyboard */; };
		87E91BAA2970487600A93AA8 /* MainTabController.swift in Sources */ = {isa = PBXBuildFile; fileRef = 87E91BA92970487600A93AA8 /* MainTabController.swift */; };
		87E91BAE297050E000A93AA8 /* FeedController.swift in Sources */ = {isa = PBXBuildFile; fileRef = 87E91BAD297050E000A93AA8 /* FeedController.swift */; };
		87E91BB02970511B00A93AA8 /* ExploreController.swift in Sources */ = {isa = PBXBuildFile; fileRef = 87E91BAF2970511B00A93AA8 /* ExploreController.swift */; };
		87E91BB42970513800A93AA8 /* NotificationsController.swift in Sources */ = {isa = PBXBuildFile; fileRef = 87E91BB32970513800A93AA8 /* NotificationsController.swift */; };
		87E91BB62970516100A93AA8 /* ConversationsController.swift in Sources */ = {isa = PBXBuildFile; fileRef = 87E91BB52970516100A93AA8 /* ConversationsController.swift */; };
/* End PBXBuildFile section */

/* Begin PBXFileReference section */
		872491492975AB8100528B8A /* LoginController.swift */ = {isa = PBXFileReference; lastKnownFileType = sourcecode.swift; path = LoginController.swift; sourceTree = "<group>"; };
		8724914B2975AC5800528B8A /* RegistrationController.swift */ = {isa = PBXFileReference; lastKnownFileType = sourcecode.swift; path = RegistrationController.swift; sourceTree = "<group>"; };
		87AE478329759AAB0035ACF9 /* Extensions.swift */ = {isa = PBXFileReference; lastKnownFileType = sourcecode.swift; path = Extensions.swift; sourceTree = "<group>"; };
		87E91B8B2970450000A93AA8 /* TwitterTutorial.app */ = {isa = PBXFileReference; explicitFileType = wrapper.application; includeInIndex = 0; path = TwitterTutorial.app; sourceTree = BUILT_PRODUCTS_DIR; };
		87E91B8E2970450000A93AA8 /* AppDelegate.swift */ = {isa = PBXFileReference; lastKnownFileType = sourcecode.swift; path = AppDelegate.swift; sourceTree = "<group>"; };
		87E91B902970450000A93AA8 /* SceneDelegate.swift */ = {isa = PBXFileReference; lastKnownFileType = sourcecode.swift; path = SceneDelegate.swift; sourceTree = "<group>"; };
		87E91B952970450000A93AA8 /* Base */ = {isa = PBXFileReference; lastKnownFileType = file.storyboard; name = Base; path = Base.lproj/Main.storyboard; sourceTree = "<group>"; };
		87E91B972970450200A93AA8 /* Assets.xcassets */ = {isa = PBXFileReference; lastKnownFileType = folder.assetcatalog; path = Assets.xcassets; sourceTree = "<group>"; };
		87E91B9A2970450200A93AA8 /* Base */ = {isa = PBXFileReference; lastKnownFileType = file.storyboard; name = Base; path = Base.lproj/LaunchScreen.storyboard; sourceTree = "<group>"; };
		87E91B9C2970450200A93AA8 /* Info.plist */ = {isa = PBXFileReference; lastKnownFileType = text.plist.xml; path = Info.plist; sourceTree = "<group>"; };
		87E91BA92970487600A93AA8 /* MainTabController.swift */ = {isa = PBXFileReference; lastKnownFileType = sourcecode.swift; path = MainTabController.swift; sourceTree = "<group>"; };
		87E91BAD297050E000A93AA8 /* FeedController.swift */ = {isa = PBXFileReference; lastKnownFileType = sourcecode.swift; path = FeedController.swift; sourceTree = "<group>"; };
		87E91BAF2970511B00A93AA8 /* ExploreController.swift */ = {isa = PBXFileReference; lastKnownFileType = sourcecode.swift; path = ExploreController.swift; sourceTree = "<group>"; };
		87E91BB32970513800A93AA8 /* NotificationsController.swift */ = {isa = PBXFileReference; lastKnownFileType = sourcecode.swift; path = NotificationsController.swift; sourceTree = "<group>"; };
		87E91BB52970516100A93AA8 /* ConversationsController.swift */ = {isa = PBXFileReference; lastKnownFileType = sourcecode.swift; path = ConversationsController.swift; sourceTree = "<group>"; };
/* End PBXFileReference section */

/* Begin PBXFrameworksBuildPhase section */
		87E91B882970450000A93AA8 /* Frameworks */ = {
			isa = PBXFrameworksBuildPhase;
			buildActionMask = 2147483647;
			files = (
			);
			runOnlyForDeploymentPostprocessing = 0;
		};
/* End PBXFrameworksBuildPhase section */

/* Begin PBXGroup section */
		872491482975AB6700528B8A /* Autentication */ = {
			isa = PBXGroup;
			children = (
				872491492975AB8100528B8A /* LoginController.swift */,
				8724914B2975AC5800528B8A /* RegistrationController.swift */,
			);
			path = Autentication;
			sourceTree = "<group>";
		};
		87E91B822970450000A93AA8 = {
			isa = PBXGroup;
			children = (
				87E91B8D2970450000A93AA8 /* TwitterTutorial */,
				87E91B8C2970450000A93AA8 /* Products */,
			);
			sourceTree = "<group>";
		};
		87E91B8C2970450000A93AA8 /* Products */ = {
			isa = PBXGroup;
			children = (
				87E91B8B2970450000A93AA8 /* TwitterTutorial.app */,
			);
			name = Products;
			sourceTree = "<group>";
		};
		87E91B8D2970450000A93AA8 /* TwitterTutorial */ = {
			isa = PBXGroup;
			children = (
				87E91BA82970476600A93AA8 /* Model */,
				87E91BA72970476500A93AA8 /* View */,
				87E91BA62970476300A93AA8 /* ViewModel */,
				87E91BA52970476100A93AA8 /* Controller */,
				87E91BA42970475200A93AA8 /* API */,
				87E91BA22970454700A93AA8 /* Utilities */,
				87E91B8E2970450000A93AA8 /* AppDelegate.swift */,
				87E91B902970450000A93AA8 /* SceneDelegate.swift */,
				87E91B942970450000A93AA8 /* Main.storyboard */,
				87E91B972970450200A93AA8 /* Assets.xcassets */,
				87E91B992970450200A93AA8 /* LaunchScreen.storyboard */,
				87E91B9C2970450200A93AA8 /* Info.plist */,
			);
			path = TwitterTutorial;
			sourceTree = "<group>";
		};
		87E91BA22970454700A93AA8 /* Utilities */ = {
			isa = PBXGroup;
			children = (
				87AE478329759AAB0035ACF9 /* Extensions.swift */,
			);
			path = Utilities;
			sourceTree = "<group>";
		};
		87E91BA42970475200A93AA8 /* API */ = {
			isa = PBXGroup;
			children = (
			);
			name = API;
			path = "New Group1/API";
			sourceTree = "<group>";
		};
		87E91BA52970476100A93AA8 /* Controller */ = {
			isa = PBXGroup;
			children = (
				872491482975AB6700528B8A /* Autentication */,
				87E91BA92970487600A93AA8 /* MainTabController.swift */,
				87E91BAD297050E000A93AA8 /* FeedController.swift */,
				87E91BAF2970511B00A93AA8 /* ExploreController.swift */,
				87E91BB32970513800A93AA8 /* NotificationsController.swift */,
				87E91BB52970516100A93AA8 /* ConversationsController.swift */,
			);
			path = Controller;
			sourceTree = "<group>";
		};
		87E91BA62970476300A93AA8 /* ViewModel */ = {
			isa = PBXGroup;
			children = (
			);
			path = ViewModel;
			sourceTree = "<group>";
		};
		87E91BA72970476500A93AA8 /* View */ = {
			isa = PBXGroup;
			children = (
			);
			path = View;
			sourceTree = "<group>";
		};
		87E91BA82970476600A93AA8 /* Model */ = {
			isa = PBXGroup;
			children = (
			);
			path = Model;
			sourceTree = "<group>";
		};
/* End PBXGroup section */

/* Begin PBXNativeTarget section */
		87E91B8A2970450000A93AA8 /* TwitterTutorial */ = {
			isa = PBXNativeTarget;
			buildConfigurationList = 87E91B9F2970450200A93AA8 /* Build configuration list for PBXNativeTarget "TwitterTutorial" */;
			buildPhases = (
				87E91B872970450000A93AA8 /* Sources */,
				87E91B882970450000A93AA8 /* Frameworks */,
				87E91B892970450000A93AA8 /* Resources */,
			);
			buildRules = (
			);
			dependencies = (
			);
			name = TwitterTutorial;
			productName = TwitterTutorial;
			productReference = 87E91B8B2970450000A93AA8 /* TwitterTutorial.app */;
			productType = "com.apple.product-type.application";
		};
/* End PBXNativeTarget section */

/* Begin PBXProject section */
		87E91B832970450000A93AA8 /* Project object */ = {
			isa = PBXProject;
			attributes = {
				BuildIndependentTargetsInParallel = 1;
				LastSwiftUpdateCheck = 1420;
				LastUpgradeCheck = 1420;
				TargetAttributes = {
					87E91B8A2970450000A93AA8 = {
						CreatedOnToolsVersion = 14.2;
					};
				};
			};
			buildConfigurationList = 87E91B862970450000A93AA8 /* Build configuration list for PBXProject "TwitterTutorial" */;
			compatibilityVersion = "Xcode 14.0";
			developmentRegion = en;
			hasScannedForEncodings = 0;
			knownRegions = (
				en,
				Base,
			);
			mainGroup = 87E91B822970450000A93AA8;
			productRefGroup = 87E91B8C2970450000A93AA8 /* Products */;
			projectDirPath = "";
			projectRoot = "";
			targets = (
				87E91B8A2970450000A93AA8 /* TwitterTutorial */,
			);
		};
/* End PBXProject section */

/* Begin PBXResourcesBuildPhase section */
		87E91B892970450000A93AA8 /* Resources */ = {
			isa = PBXResourcesBuildPhase;
			buildActionMask = 2147483647;
			files = (
				87E91B9B2970450200A93AA8 /* LaunchScreen.storyboard in Resources */,
				87E91B982970450200A93AA8 /* Assets.xcassets in Resources */,
				87E91B962970450000A93AA8 /* Main.storyboard in Resources */,
			);
			runOnlyForDeploymentPostprocessing = 0;
		};
/* End PBXResourcesBuildPhase section */

/* Begin PBXSourcesBuildPhase section */
		87E91B872970450000A93AA8 /* Sources */ = {
			isa = PBXSourcesBuildPhase;
			buildActionMask = 2147483647;
			files = (
				87E91BB42970513800A93AA8 /* NotificationsController.swift in Sources */,
				87E91B8F2970450000A93AA8 /* AppDelegate.swift in Sources */,
				87E91BB02970511B00A93AA8 /* ExploreController.swift in Sources */,
				87AE478429759AAB0035ACF9 /* Extensions.swift in Sources */,
				87E91B912970450000A93AA8 /* SceneDelegate.swift in Sources */,
				87E91BAA2970487600A93AA8 /* MainTabController.swift in Sources */,
				87E91BB62970516100A93AA8 /* ConversationsController.swift in Sources */,
				8724914A2975AB8100528B8A /* LoginController.swift in Sources */,
				8724914C2975AC5800528B8A /* RegistrationController.swift in Sources */,
				87E91BAE297050E000A93AA8 /* FeedController.swift in Sources */,
			);
			runOnlyForDeploymentPostprocessing = 0;
		};
/* End PBXSourcesBuildPhase section */

/* Begin PBXVariantGroup section */
		87E91B942970450000A93AA8 /* Main.storyboard */ = {
			isa = PBXVariantGroup;
			children = (
				87E91B952970450000A93AA8 /* Base */,
			);
			name = Main.storyboard;
			sourceTree = "<group>";
		};
		87E91B992970450200A93AA8 /* LaunchScreen.storyboard */ = {
			isa = PBXVariantGroup;
			children = (
				87E91B9A2970450200A93AA8 /* Base */,
			);
			name = LaunchScreen.storyboard;
			sourceTree = "<group>";
		};
/* End PBXVariantGroup section */

/* Begin XCBuildConfiguration section */
		87E91B9D2970450200A93AA8 /* Debug */ = {
			isa = XCBuildConfiguration;
			buildSettings = {
				ALWAYS_SEARCH_USER_PATHS = NO;
				CLANG_ANALYZER_NONNULL = YES;
				CLANG_ANALYZER_NUMBER_OBJECT_CONVERSION = YES_AGGRESSIVE;
				CLANG_CXX_LANGUAGE_STANDARD = "gnu++20";
				CLANG_ENABLE_MODULES = YES;
				CLANG_ENABLE_OBJC_ARC = YES;
				CLANG_ENABLE_OBJC_WEAK = YES;
				CLANG_WARN_BLOCK_CAPTURE_AUTORELEASING = YES;
				CLANG_WARN_BOOL_CONVERSION = YES;
				CLANG_WARN_COMMA = YES;
				CLANG_WARN_CONSTANT_CONVERSION = YES;
				CLANG_WARN_DEPRECATED_OBJC_IMPLEMENTATIONS = YES;
				CLANG_WARN_DIRECT_OBJC_ISA_USAGE = YES_ERROR;
				CLANG_WARN_DOCUMENTATION_COMMENTS = YES;
				CLANG_WARN_EMPTY_BODY = YES;
				CLANG_WARN_ENUM_CONVERSION = YES;
				CLANG_WARN_INFINITE_RECURSION = YES;
				CLANG_WARN_INT_CONVERSION = YES;
				CLANG_WARN_NON_LITERAL_NULL_CONVERSION = YES;
				CLANG_WARN_OBJC_IMPLICIT_RETAIN_SELF = YES;
				CLANG_WARN_OBJC_LITERAL_CONVERSION = YES;
				CLANG_WARN_OBJC_ROOT_CLASS = YES_ERROR;
				CLANG_WARN_QUOTED_INCLUDE_IN_FRAMEWORK_HEADER = YES;
				CLANG_WARN_RANGE_LOOP_ANALYSIS = YES;
				CLANG_WARN_STRICT_PROTOTYPES = YES;
				CLANG_WARN_SUSPICIOUS_MOVE = YES;
				CLANG_WARN_UNGUARDED_AVAILABILITY = YES_AGGRESSIVE;
				CLANG_WARN_UNREACHABLE_CODE = YES;
				CLANG_WARN__DUPLICATE_METHOD_MATCH = YES;
				COPY_PHASE_STRIP = NO;
				DEBUG_INFORMATION_FORMAT = dwarf;
				ENABLE_STRICT_OBJC_MSGSEND = YES;
				ENABLE_TESTABILITY = YES;
				GCC_C_LANGUAGE_STANDARD = gnu11;
				GCC_DYNAMIC_NO_PIC = NO;
				GCC_NO_COMMON_BLOCKS = YES;
				GCC_OPTIMIZATION_LEVEL = 0;
				GCC_PREPROCESSOR_DEFINITIONS = (
					"DEBUG=1",
					"$(inherited)",
				);
				GCC_WARN_64_TO_32_BIT_CONVERSION = YES;
				GCC_WARN_ABOUT_RETURN_TYPE = YES_ERROR;
				GCC_WARN_UNDECLARED_SELECTOR = YES;
				GCC_WARN_UNINITIALIZED_AUTOS = YES_AGGRESSIVE;
				GCC_WARN_UNUSED_FUNCTION = YES;
				GCC_WARN_UNUSED_VARIABLE = YES;
				IPHONEOS_DEPLOYMENT_TARGET = 15.0;
				MTL_ENABLE_DEBUG_INFO = INCLUDE_SOURCE;
				MTL_FAST_MATH = YES;
				ONLY_ACTIVE_ARCH = YES;
				SDKROOT = iphoneos;
				SWIFT_ACTIVE_COMPILATION_CONDITIONS = DEBUG;
				SWIFT_OPTIMIZATION_LEVEL = "-Onone";
			};
			name = Debug;
		};
		87E91B9E2970450200A93AA8 /* Release */ = {
			isa = XCBuildConfiguration;
			buildSettings = {
				ALWAYS_SEARCH_USER_PATHS = NO;
				CLANG_ANALYZER_NONNULL = YES;
				CLANG_ANALYZER_NUMBER_OBJECT_CONVERSION = YES_AGGRESSIVE;
				CLANG_CXX_LANGUAGE_STANDARD = "gnu++20";
				CLANG_ENABLE_MODULES = YES;
				CLANG_ENABLE_OBJC_ARC = YES;
				CLANG_ENABLE_OBJC_WEAK = YES;
				CLANG_WARN_BLOCK_CAPTURE_AUTORELEASING = YES;
				CLANG_WARN_BOOL_CONVERSION = YES;
				CLANG_WARN_COMMA = YES;
				CLANG_WARN_CONSTANT_CONVERSION = YES;
				CLANG_WARN_DEPRECATED_OBJC_IMPLEMENTATIONS = YES;
				CLANG_WARN_DIRECT_OBJC_ISA_USAGE = YES_ERROR;
				CLANG_WARN_DOCUMENTATION_COMMENTS = YES;
				CLANG_WARN_EMPTY_BODY = YES;
				CLANG_WARN_ENUM_CONVERSION = YES;
				CLANG_WARN_INFINITE_RECURSION = YES;
				CLANG_WARN_INT_CONVERSION = YES;
				CLANG_WARN_NON_LITERAL_NULL_CONVERSION = YES;
				CLANG_WARN_OBJC_IMPLICIT_RETAIN_SELF = YES;
				CLANG_WARN_OBJC_LITERAL_CONVERSION = YES;
				CLANG_WARN_OBJC_ROOT_CLASS = YES_ERROR;
				CLANG_WARN_QUOTED_INCLUDE_IN_FRAMEWORK_HEADER = YES;
				CLANG_WARN_RANGE_LOOP_ANALYSIS = YES;
				CLANG_WARN_STRICT_PROTOTYPES = YES;
				CLANG_WARN_SUSPICIOUS_MOVE = YES;
				CLANG_WARN_UNGUARDED_AVAILABILITY = YES_AGGRESSIVE;
				CLANG_WARN_UNREACHABLE_CODE = YES;
				CLANG_WARN__DUPLICATE_METHOD_MATCH = YES;
				COPY_PHASE_STRIP = NO;
				DEBUG_INFORMATION_FORMAT = "dwarf-with-dsym";
				ENABLE_NS_ASSERTIONS = NO;
				ENABLE_STRICT_OBJC_MSGSEND = YES;
				GCC_C_LANGUAGE_STANDARD = gnu11;
				GCC_NO_COMMON_BLOCKS = YES;
				GCC_WARN_64_TO_32_BIT_CONVERSION = YES;
				GCC_WARN_ABOUT_RETURN_TYPE = YES_ERROR;
				GCC_WARN_UNDECLARED_SELECTOR = YES;
				GCC_WARN_UNINITIALIZED_AUTOS = YES_AGGRESSIVE;
				GCC_WARN_UNUSED_FUNCTION = YES;
				GCC_WARN_UNUSED_VARIABLE = YES;
				IPHONEOS_DEPLOYMENT_TARGET = 15.0;
				MTL_ENABLE_DEBUG_INFO = NO;
				MTL_FAST_MATH = YES;
				SDKROOT = iphoneos;
				SWIFT_COMPILATION_MODE = wholemodule;
				SWIFT_OPTIMIZATION_LEVEL = "-O";
				VALIDATE_PRODUCT = YES;
			};
			name = Release;
		};
		87E91BA02970450200A93AA8 /* Debug */ = {
			isa = XCBuildConfiguration;
			buildSettings = {
				ASSETCATALOG_COMPILER_APPICON_NAME = AppIcon;
				ASSETCATALOG_COMPILER_GLOBAL_ACCENT_COLOR_NAME = AccentColor;
				CODE_SIGN_STYLE = Automatic;
				CURRENT_PROJECT_VERSION = 1;
				DEVELOPMENT_TEAM = S5QF774VV5;
				GENERATE_INFOPLIST_FILE = YES;
				INFOPLIST_FILE = TwitterTutorial/Info.plist;
				INFOPLIST_KEY_UIApplicationSupportsIndirectInputEvents = YES;
				INFOPLIST_KEY_UILaunchStoryboardName = LaunchScreen;
				INFOPLIST_KEY_UIMainStoryboardFile = Main;
				INFOPLIST_KEY_UIRequiresFullScreen = NO;
				INFOPLIST_KEY_UIStatusBarStyle = "";
				INFOPLIST_KEY_UISupportedInterfaceOrientations_iPad = "UIInterfaceOrientationPortrait UIInterfaceOrientationPortraitUpsideDown UIInterfaceOrientationLandscapeLeft UIInterfaceOrientationLandscapeRight";
				INFOPLIST_KEY_UISupportedInterfaceOrientations_iPhone = "UIInterfaceOrientationPortrait UIInterfaceOrientationLandscapeLeft UIInterfaceOrientationLandscapeRight";
				IPHONEOS_DEPLOYMENT_TARGET = 15.0;
				LD_RUNPATH_SEARCH_PATHS = (
					"$(inherited)",
					"@executable_path/Frameworks",
				);
				MARKETING_VERSION = 1.0;
				PRODUCT_BUNDLE_IDENTIFIER = ivanKhudyakov.TwitterTutorial;
				PRODUCT_NAME = "$(TARGET_NAME)";
				SWIFT_EMIT_LOC_STRINGS = YES;
				SWIFT_VERSION = 5.0;
				TARGETED_DEVICE_FAMILY = "1,2";
			};
			name = Debug;
		};
		87E91BA12970450200A93AA8 /* Release */ = {
			isa = XCBuildConfiguration;
			buildSettings = {
				ASSETCATALOG_COMPILER_APPICON_NAME = AppIcon;
				ASSETCATALOG_COMPILER_GLOBAL_ACCENT_COLOR_NAME = AccentColor;
				CODE_SIGN_STYLE = Automatic;
				CURRENT_PROJECT_VERSION = 1;
				DEVELOPMENT_TEAM = S5QF774VV5;
				GENERATE_INFOPLIST_FILE = YES;
				INFOPLIST_FILE = TwitterTutorial/Info.plist;
				INFOPLIST_KEY_UIApplicationSupportsIndirectInputEvents = YES;
				INFOPLIST_KEY_UILaunchStoryboardName = LaunchScreen;
				INFOPLIST_KEY_UIMainStoryboardFile = Main;
				INFOPLIST_KEY_UIRequiresFullScreen = NO;
				INFOPLIST_KEY_UIStatusBarStyle = "";
				INFOPLIST_KEY_UISupportedInterfaceOrientations_iPad = "UIInterfaceOrientationPortrait UIInterfaceOrientationPortraitUpsideDown UIInterfaceOrientationLandscapeLeft UIInterfaceOrientationLandscapeRight";
				INFOPLIST_KEY_UISupportedInterfaceOrientations_iPhone = "UIInterfaceOrientationPortrait UIInterfaceOrientationLandscapeLeft UIInterfaceOrientationLandscapeRight";
				IPHONEOS_DEPLOYMENT_TARGET = 15.0;
				LD_RUNPATH_SEARCH_PATHS = (
					"$(inherited)",
					"@executable_path/Frameworks",
				);
				MARKETING_VERSION = 1.0;
				PRODUCT_BUNDLE_IDENTIFIER = ivanKhudyakov.TwitterTutorial;
				PRODUCT_NAME = "$(TARGET_NAME)";
				SWIFT_EMIT_LOC_STRINGS = YES;
				SWIFT_VERSION = 5.0;
				TARGETED_DEVICE_FAMILY = "1,2";
			};
			name = Release;
		};
/* End XCBuildConfiguration section */

/* Begin XCConfigurationList section */
		87E91B862970450000A93AA8 /* Build configuration list for PBXProject "TwitterTutorial" */ = {
			isa = XCConfigurationList;
			buildConfigurations = (
				87E91B9D2970450200A93AA8 /* Debug */,
				87E91B9E2970450200A93AA8 /* Release */,
			);
			defaultConfigurationIsVisible = 0;
			defaultConfigurationName = Release;
		};
		87E91B9F2970450200A93AA8 /* Build configuration list for PBXNativeTarget "TwitterTutorial" */ = {
			isa = XCConfigurationList;
			buildConfigurations = (
				87E91BA02970450200A93AA8 /* Debug */,
				87E91BA12970450200A93AA8 /* Release */,
			);
			defaultConfigurationIsVisible = 0;
			defaultConfigurationName = Release;
		};
/* End XCConfigurationList section */
	};
	rootObject = 87E91B832970450000A93AA8 /* Project object */;
}
