// !$*UTF8*$!
{
	archiveVersion = 1;
	classes = {
	};
	objectVersion = 56;
	objects = {

/* Begin PBXBuildFile section */
		8724914A2975AB8100528B8A /* LoginController.swift in Sources */ = {isa = PBXBuildFile; fileRef = 872491492975AB8100528B8A /* LoginController.swift */; };
		8724914C2975AC5800528B8A /* RegistrationController.swift in Sources */ = {isa = PBXBuildFile; fileRef = 8724914B2975AC5800528B8A /* RegistrationController.swift */; };
		872D3C4529786FB700D9EC0F /* GoogleService-Info.plist in Resources */ = {isa = PBXBuildFile; fileRef = 872D3C4429786FB700D9EC0F /* GoogleService-Info.plist */; };
		87355098298C025400163DF5 /* UserCell.swift in Sources */ = {isa = PBXBuildFile; fileRef = 87355097298C025400163DF5 /* UserCell.swift */; };
		873EBE01297B02F800B1DABF /* Constants.swift in Sources */ = {isa = PBXBuildFile; fileRef = 873EBE00297B02F800B1DABF /* Constants.swift */; };
		8740D482297BD751001D7E95 /* AuthService.swift in Sources */ = {isa = PBXBuildFile; fileRef = 8740D481297BD751001D7E95 /* AuthService.swift */; };
		874E006D297FA83700445093 /* SDWebImage in Frameworks */ = {isa = PBXBuildFile; productRef = 874E006C297FA83700445093 /* SDWebImage */; };
		87713A09298A8C7B00D06F92 /* ProfileHeaderViewModel.swift in Sources */ = {isa = PBXBuildFile; fileRef = 87713A08298A8C7B00D06F92 /* ProfileHeaderViewModel.swift */; };
		8778ECCC299146630091237C /* TweetController.swift in Sources */ = {isa = PBXBuildFile; fileRef = 8778ECCB299146630091237C /* TweetController.swift */; };
		8778ECCE29914A3F0091237C /* TweetHeader.swift in Sources */ = {isa = PBXBuildFile; fileRef = 8778ECCD29914A3F0091237C /* TweetHeader.swift */; };
		877911312976BEA300D0C687 /* Utilities.swift in Sources */ = {isa = PBXBuildFile; fileRef = 877911302976BEA300D0C687 /* Utilities.swift */; };
		878EA89029880F1700F63AC6 /* ProfileController.swift in Sources */ = {isa = PBXBuildFile; fileRef = 878EA88F29880F1700F63AC6 /* ProfileController.swift */; };
		878EA89229882D8900F63AC6 /* ProfileHeader.swift in Sources */ = {isa = PBXBuildFile; fileRef = 878EA89129882D8900F63AC6 /* ProfileHeader.swift */; };
		87AE478429759AAB0035ACF9 /* Extensions.swift in Sources */ = {isa = PBXBuildFile; fileRef = 87AE478329759AAB0035ACF9 /* Extensions.swift */; };
		87C4BA75298945B800B69423 /* ProfileFilterView.swift in Sources */ = {isa = PBXBuildFile; fileRef = 87C4BA74298945B800B69423 /* ProfileFilterView.swift */; };
		87C4BA772989519D00B69423 /* ProfileFilterCell.swift in Sources */ = {isa = PBXBuildFile; fileRef = 87C4BA762989519D00B69423 /* ProfileFilterCell.swift */; };
		87CFAFC8297ECCDF00EC54A6 /* FirebaseAnalytics in Frameworks */ = {isa = PBXBuildFile; productRef = 87CFAFC7297ECCDF00EC54A6 /* FirebaseAnalytics */; };
		87CFAFCA297ECCE400EC54A6 /* FirebaseAnalyticsOnDeviceConversion in Frameworks */ = {isa = PBXBuildFile; productRef = 87CFAFC9297ECCE400EC54A6 /* FirebaseAnalyticsOnDeviceConversion */; };
		87CFAFCC297ECCE700EC54A6 /* FirebaseAnalyticsSwift in Frameworks */ = {isa = PBXBuildFile; productRef = 87CFAFCB297ECCE700EC54A6 /* FirebaseAnalyticsSwift */; };
		87CFAFCE297ECCEA00EC54A6 /* FirebaseAnalyticsWithoutAdIdSupport in Frameworks */ = {isa = PBXBuildFile; productRef = 87CFAFCD297ECCEA00EC54A6 /* FirebaseAnalyticsWithoutAdIdSupport */; };
		87CFAFD0297ECCEF00EC54A6 /* FirebaseAppCheck in Frameworks */ = {isa = PBXBuildFile; productRef = 87CFAFCF297ECCEF00EC54A6 /* FirebaseAppCheck */; };
		87CFAFD2297ECCF200EC54A6 /* FirebaseAppDistribution-Beta in Frameworks */ = {isa = PBXBuildFile; productRef = 87CFAFD1297ECCF200EC54A6 /* FirebaseAppDistribution-Beta */; };
		87CFAFD4297ECCF600EC54A6 /* FirebaseAuth in Frameworks */ = {isa = PBXBuildFile; productRef = 87CFAFD3297ECCF600EC54A6 /* FirebaseAuth */; };
		87CFAFD6297ECCFA00EC54A6 /* FirebaseAuthCombine-Community in Frameworks */ = {isa = PBXBuildFile; productRef = 87CFAFD5297ECCFA00EC54A6 /* FirebaseAuthCombine-Community */; };
		87CFAFD8297ECCFD00EC54A6 /* FirebaseCrashlytics in Frameworks */ = {isa = PBXBuildFile; productRef = 87CFAFD7297ECCFD00EC54A6 /* FirebaseCrashlytics */; };
		87CFAFDA297ECD0100EC54A6 /* FirebaseDatabase in Frameworks */ = {isa = PBXBuildFile; productRef = 87CFAFD9297ECD0100EC54A6 /* FirebaseDatabase */; };
		87CFAFDC297ECD0300EC54A6 /* FirebaseDatabaseSwift in Frameworks */ = {isa = PBXBuildFile; productRef = 87CFAFDB297ECD0300EC54A6 /* FirebaseDatabaseSwift */; };
		87CFAFDE297ECD0600EC54A6 /* FirebaseDynamicLinks in Frameworks */ = {isa = PBXBuildFile; productRef = 87CFAFDD297ECD0600EC54A6 /* FirebaseDynamicLinks */; };
		87CFAFE0297ECD0900EC54A6 /* FirebaseFirestore in Frameworks */ = {isa = PBXBuildFile; productRef = 87CFAFDF297ECD0800EC54A6 /* FirebaseFirestore */; };
		87CFAFE2297ECD0B00EC54A6 /* FirebaseFirestoreCombine-Community in Frameworks */ = {isa = PBXBuildFile; productRef = 87CFAFE1297ECD0B00EC54A6 /* FirebaseFirestoreCombine-Community */; };
		87CFAFE6297ECD4600EC54A6 /* FirebaseFirestoreSwift in Frameworks */ = {isa = PBXBuildFile; productRef = 87CFAFE5297ECD4600EC54A6 /* FirebaseFirestoreSwift */; };
		87CFAFE8297ECD4600EC54A6 /* FirebaseFunctions in Frameworks */ = {isa = PBXBuildFile; productRef = 87CFAFE7297ECD4600EC54A6 /* FirebaseFunctions */; };
		87CFAFEA297ECD4600EC54A6 /* FirebaseFunctionsCombine-Community in Frameworks */ = {isa = PBXBuildFile; productRef = 87CFAFE9297ECD4600EC54A6 /* FirebaseFunctionsCombine-Community */; };
		87CFAFEC297ECD4600EC54A6 /* FirebaseInAppMessaging-Beta in Frameworks */ = {isa = PBXBuildFile; productRef = 87CFAFEB297ECD4600EC54A6 /* FirebaseInAppMessaging-Beta */; };
		87CFAFEE297ECD4600EC54A6 /* FirebaseInAppMessagingSwift-Beta in Frameworks */ = {isa = PBXBuildFile; productRef = 87CFAFED297ECD4600EC54A6 /* FirebaseInAppMessagingSwift-Beta */; };
		87CFAFF0297ECD4600EC54A6 /* FirebaseInstallations in Frameworks */ = {isa = PBXBuildFile; productRef = 87CFAFEF297ECD4600EC54A6 /* FirebaseInstallations */; };
		87CFAFF2297ECD4600EC54A6 /* FirebaseMessaging in Frameworks */ = {isa = PBXBuildFile; productRef = 87CFAFF1297ECD4600EC54A6 /* FirebaseMessaging */; };
		87CFAFF4297ECD4600EC54A6 /* FirebaseMLModelDownloader in Frameworks */ = {isa = PBXBuildFile; productRef = 87CFAFF3297ECD4600EC54A6 /* FirebaseMLModelDownloader */; };
		87CFAFF6297ECD4600EC54A6 /* FirebasePerformance in Frameworks */ = {isa = PBXBuildFile; productRef = 87CFAFF5297ECD4600EC54A6 /* FirebasePerformance */; };
		87CFAFF8297ECD4600EC54A6 /* FirebaseRemoteConfig in Frameworks */ = {isa = PBXBuildFile; productRef = 87CFAFF7297ECD4600EC54A6 /* FirebaseRemoteConfig */; };
		87CFAFFA297ECD4600EC54A6 /* FirebaseRemoteConfigSwift in Frameworks */ = {isa = PBXBuildFile; productRef = 87CFAFF9297ECD4600EC54A6 /* FirebaseRemoteConfigSwift */; };
		87CFAFFC297ECD4600EC54A6 /* FirebaseStorage in Frameworks */ = {isa = PBXBuildFile; productRef = 87CFAFFB297ECD4600EC54A6 /* FirebaseStorage */; };
		87CFAFFE297ECD4600EC54A6 /* FirebaseStorageCombine-Community in Frameworks */ = {isa = PBXBuildFile; productRef = 87CFAFFD297ECD4600EC54A6 /* FirebaseStorageCombine-Community */; };
		87CFB000297EEA0500EC54A6 /* UserService.swift in Sources */ = {isa = PBXBuildFile; fileRef = 87CFAFFF297EEA0500EC54A6 /* UserService.swift */; };
		87CFB002297EF54600EC54A6 /* User.swift in Sources */ = {isa = PBXBuildFile; fileRef = 87CFB001297EF54600EC54A6 /* User.swift */; };
		87E91B8F2970450000A93AA8 /* AppDelegate.swift in Sources */ = {isa = PBXBuildFile; fileRef = 87E91B8E2970450000A93AA8 /* AppDelegate.swift */; };
		87E91B912970450000A93AA8 /* SceneDelegate.swift in Sources */ = {isa = PBXBuildFile; fileRef = 87E91B902970450000A93AA8 /* SceneDelegate.swift */; };
		87E91B962970450000A93AA8 /* Main.storyboard in Resources */ = {isa = PBXBuildFile; fileRef = 87E91B942970450000A93AA8 /* Main.storyboard */; };
		87E91B982970450200A93AA8 /* Assets.xcassets in Resources */ = {isa = PBXBuildFile; fileRef = 87E91B972970450200A93AA8 /* Assets.xcassets */; };
		87E91B9B2970450200A93AA8 /* LaunchScreen.storyboard in Resources */ = {isa = PBXBuildFile; fileRef = 87E91B992970450200A93AA8 /* LaunchScreen.storyboard */; };
		87E91BAA2970487600A93AA8 /* MainTabController.swift in Sources */ = {isa = PBXBuildFile; fileRef = 87E91BA92970487600A93AA8 /* MainTabController.swift */; };
		87E91BAE297050E000A93AA8 /* FeedController.swift in Sources */ = {isa = PBXBuildFile; fileRef = 87E91BAD297050E000A93AA8 /* FeedController.swift */; };
		87E91BB02970511B00A93AA8 /* ExploreController.swift in Sources */ = {isa = PBXBuildFile; fileRef = 87E91BAF2970511B00A93AA8 /* ExploreController.swift */; };
		87E91BB42970513800A93AA8 /* NotificationsController.swift in Sources */ = {isa = PBXBuildFile; fileRef = 87E91BB32970513800A93AA8 /* NotificationsController.swift */; };
		87E91BB62970516100A93AA8 /* ConversationsController.swift in Sources */ = {isa = PBXBuildFile; fileRef = 87E91BB52970516100A93AA8 /* ConversationsController.swift */; };
		87EB713A2992BB00003E4176 /* UploadTweetViewModel.swift in Sources */ = {isa = PBXBuildFile; fileRef = 87EB71392992BB00003E4176 /* UploadTweetViewModel.swift */; };
		87EB713C2993F267003E4176 /* ActionSheetLauncher.swift in Sources */ = {isa = PBXBuildFile; fileRef = 87EB713B2993F267003E4176 /* ActionSheetLauncher.swift */; };
		87EB713E29942304003E4176 /* ActionSheetCell.swift in Sources */ = {isa = PBXBuildFile; fileRef = 87EB713D29942304003E4176 /* ActionSheetCell.swift */; };
		87F639F3297FDE70009F2376 /* UploadTweetController.swift in Sources */ = {isa = PBXBuildFile; fileRef = 87F639F2297FDE70009F2376 /* UploadTweetController.swift */; };
		87F639F5298013C8009F2376 /* CaptionTextView.swift in Sources */ = {isa = PBXBuildFile; fileRef = 87F639F4298013C8009F2376 /* CaptionTextView.swift */; };
		87F639F729810793009F2376 /* TweetService.swift in Sources */ = {isa = PBXBuildFile; fileRef = 87F639F629810793009F2376 /* TweetService.swift */; };
		87F639F929811E21009F2376 /* Tweet.swift in Sources */ = {isa = PBXBuildFile; fileRef = 87F639F829811E21009F2376 /* Tweet.swift */; };
		87F639FB298132B5009F2376 /* TweetCell.swift in Sources */ = {isa = PBXBuildFile; fileRef = 87F639FA298132B5009F2376 /* TweetCell.swift */; };
		87F639FD298177BD009F2376 /* TweetViewModel.swift in Sources */ = {isa = PBXBuildFile; fileRef = 87F639FC298177BD009F2376 /* TweetViewModel.swift */; };
/* End PBXBuildFile section */

/* Begin PBXFileReference section */
		872491492975AB8100528B8A /* LoginController.swift */ = {isa = PBXFileReference; lastKnownFileType = sourcecode.swift; path = LoginController.swift; sourceTree = "<group>"; };
		8724914B2975AC5800528B8A /* RegistrationController.swift */ = {isa = PBXFileReference; lastKnownFileType = sourcecode.swift; path = RegistrationController.swift; sourceTree = "<group>"; };
		872D3C4429786FB700D9EC0F /* GoogleService-Info.plist */ = {isa = PBXFileReference; fileEncoding = 4; lastKnownFileType = text.plist.xml; path = "GoogleService-Info.plist"; sourceTree = "<group>"; };
		87355097298C025400163DF5 /* UserCell.swift */ = {isa = PBXFileReference; lastKnownFileType = sourcecode.swift; path = UserCell.swift; sourceTree = "<group>"; };
		873EBE00297B02F800B1DABF /* Constants.swift */ = {isa = PBXFileReference; lastKnownFileType = sourcecode.swift; path = Constants.swift; sourceTree = "<group>"; };
		8740D481297BD751001D7E95 /* AuthService.swift */ = {isa = PBXFileReference; lastKnownFileType = sourcecode.swift; path = AuthService.swift; sourceTree = "<group>"; };
		874E006A297FA7D900445093 /* TwitterTutorial.app */ = {isa = PBXFileReference; explicitFileType = wrapper.application; includeInIndex = 0; path = TwitterTutorial.app; sourceTree = BUILT_PRODUCTS_DIR; };
		87713A08298A8C7B00D06F92 /* ProfileHeaderViewModel.swift */ = {isa = PBXFileReference; lastKnownFileType = sourcecode.swift; path = ProfileHeaderViewModel.swift; sourceTree = "<group>"; };
		8778ECCB299146630091237C /* TweetController.swift */ = {isa = PBXFileReference; lastKnownFileType = sourcecode.swift; path = TweetController.swift; sourceTree = "<group>"; };
		8778ECCD29914A3F0091237C /* TweetHeader.swift */ = {isa = PBXFileReference; lastKnownFileType = sourcecode.swift; path = TweetHeader.swift; sourceTree = "<group>"; };
		877911302976BEA300D0C687 /* Utilities.swift */ = {isa = PBXFileReference; lastKnownFileType = sourcecode.swift; path = Utilities.swift; sourceTree = "<group>"; };
		878EA88F29880F1700F63AC6 /* ProfileController.swift */ = {isa = PBXFileReference; lastKnownFileType = sourcecode.swift; path = ProfileController.swift; sourceTree = "<group>"; };
		878EA89129882D8900F63AC6 /* ProfileHeader.swift */ = {isa = PBXFileReference; lastKnownFileType = sourcecode.swift; path = ProfileHeader.swift; sourceTree = "<group>"; };
		87AE478329759AAB0035ACF9 /* Extensions.swift */ = {isa = PBXFileReference; lastKnownFileType = sourcecode.swift; path = Extensions.swift; sourceTree = "<group>"; };
		87C4BA74298945B800B69423 /* ProfileFilterView.swift */ = {isa = PBXFileReference; lastKnownFileType = sourcecode.swift; path = ProfileFilterView.swift; sourceTree = "<group>"; };
		87C4BA762989519D00B69423 /* ProfileFilterCell.swift */ = {isa = PBXFileReference; lastKnownFileType = sourcecode.swift; path = ProfileFilterCell.swift; sourceTree = "<group>"; };
		87CFAFFF297EEA0500EC54A6 /* UserService.swift */ = {isa = PBXFileReference; lastKnownFileType = sourcecode.swift; path = UserService.swift; sourceTree = "<group>"; };
		87CFB001297EF54600EC54A6 /* User.swift */ = {isa = PBXFileReference; lastKnownFileType = sourcecode.swift; path = User.swift; sourceTree = "<group>"; };
		87E91B8E2970450000A93AA8 /* AppDelegate.swift */ = {isa = PBXFileReference; lastKnownFileType = sourcecode.swift; path = AppDelegate.swift; sourceTree = "<group>"; };
		87E91B902970450000A93AA8 /* SceneDelegate.swift */ = {isa = PBXFileReference; lastKnownFileType = sourcecode.swift; path = SceneDelegate.swift; sourceTree = "<group>"; };
		87E91B952970450000A93AA8 /* Base */ = {isa = PBXFileReference; lastKnownFileType = file.storyboard; name = Base; path = Base.lproj/Main.storyboard; sourceTree = "<group>"; };
		87E91B972970450200A93AA8 /* Assets.xcassets */ = {isa = PBXFileReference; lastKnownFileType = folder.assetcatalog; path = Assets.xcassets; sourceTree = "<group>"; };
		87E91B9A2970450200A93AA8 /* Base */ = {isa = PBXFileReference; lastKnownFileType = file.storyboard; name = Base; path = Base.lproj/LaunchScreen.storyboard; sourceTree = "<group>"; };
		87E91B9C2970450200A93AA8 /* Info.plist */ = {isa = PBXFileReference; lastKnownFileType = text.plist.xml; path = Info.plist; sourceTree = "<group>"; };
		87E91BA92970487600A93AA8 /* MainTabController.swift */ = {isa = PBXFileReference; lastKnownFileType = sourcecode.swift; path = MainTabController.swift; sourceTree = "<group>"; };
		87E91BAD297050E000A93AA8 /* FeedController.swift */ = {isa = PBXFileReference; lastKnownFileType = sourcecode.swift; path = FeedController.swift; sourceTree = "<group>"; };
		87E91BAF2970511B00A93AA8 /* ExploreController.swift */ = {isa = PBXFileReference; lastKnownFileType = sourcecode.swift; path = ExploreController.swift; sourceTree = "<group>"; };
		87E91BB32970513800A93AA8 /* NotificationsController.swift */ = {isa = PBXFileReference; lastKnownFileType = sourcecode.swift; path = NotificationsController.swift; sourceTree = "<group>"; };
		87E91BB52970516100A93AA8 /* ConversationsController.swift */ = {isa = PBXFileReference; lastKnownFileType = sourcecode.swift; path = ConversationsController.swift; sourceTree = "<group>"; };
		87EB71392992BB00003E4176 /* UploadTweetViewModel.swift */ = {isa = PBXFileReference; lastKnownFileType = sourcecode.swift; path = UploadTweetViewModel.swift; sourceTree = "<group>"; };
		87EB713B2993F267003E4176 /* ActionSheetLauncher.swift */ = {isa = PBXFileReference; lastKnownFileType = sourcecode.swift; path = ActionSheetLauncher.swift; sourceTree = "<group>"; };
		87EB713D29942304003E4176 /* ActionSheetCell.swift */ = {isa = PBXFileReference; lastKnownFileType = sourcecode.swift; path = ActionSheetCell.swift; sourceTree = "<group>"; };
		87F639F2297FDE70009F2376 /* UploadTweetController.swift */ = {isa = PBXFileReference; lastKnownFileType = sourcecode.swift; path = UploadTweetController.swift; sourceTree = "<group>"; };
		87F639F4298013C8009F2376 /* CaptionTextView.swift */ = {isa = PBXFileReference; lastKnownFileType = sourcecode.swift; path = CaptionTextView.swift; sourceTree = "<group>"; };
		87F639F629810793009F2376 /* TweetService.swift */ = {isa = PBXFileReference; lastKnownFileType = sourcecode.swift; path = TweetService.swift; sourceTree = "<group>"; };
		87F639F829811E21009F2376 /* Tweet.swift */ = {isa = PBXFileReference; lastKnownFileType = sourcecode.swift; path = Tweet.swift; sourceTree = "<group>"; };
		87F639FA298132B5009F2376 /* TweetCell.swift */ = {isa = PBXFileReference; lastKnownFileType = sourcecode.swift; path = TweetCell.swift; sourceTree = "<group>"; };
		87F639FC298177BD009F2376 /* TweetViewModel.swift */ = {isa = PBXFileReference; lastKnownFileType = sourcecode.swift; path = TweetViewModel.swift; sourceTree = "<group>"; };
/* End PBXFileReference section */

/* Begin PBXFrameworksBuildPhase section */
		87E91B882970450000A93AA8 /* Frameworks */ = {
			isa = PBXFrameworksBuildPhase;
			buildActionMask = 2147483647;
			files = (
				87CFAFDA297ECD0100EC54A6 /* FirebaseDatabase in Frameworks */,
				87CFAFEA297ECD4600EC54A6 /* FirebaseFunctionsCombine-Community in Frameworks */,
				87CFAFE0297ECD0900EC54A6 /* FirebaseFirestore in Frameworks */,
				87CFAFCC297ECCE700EC54A6 /* FirebaseAnalyticsSwift in Frameworks */,
				87CFAFC8297ECCDF00EC54A6 /* FirebaseAnalytics in Frameworks */,
				87CFAFCA297ECCE400EC54A6 /* FirebaseAnalyticsOnDeviceConversion in Frameworks */,
				87CFAFE6297ECD4600EC54A6 /* FirebaseFirestoreSwift in Frameworks */,
				87CFAFF4297ECD4600EC54A6 /* FirebaseMLModelDownloader in Frameworks */,
				87CFAFD0297ECCEF00EC54A6 /* FirebaseAppCheck in Frameworks */,
				87CFAFCE297ECCEA00EC54A6 /* FirebaseAnalyticsWithoutAdIdSupport in Frameworks */,
				874E006D297FA83700445093 /* SDWebImage in Frameworks */,
				87CFAFF2297ECD4600EC54A6 /* FirebaseMessaging in Frameworks */,
				87CFAFD4297ECCF600EC54A6 /* FirebaseAuth in Frameworks */,
				87CFAFFA297ECD4600EC54A6 /* FirebaseRemoteConfigSwift in Frameworks */,
				87CFAFD8297ECCFD00EC54A6 /* FirebaseCrashlytics in Frameworks */,
				87CFAFEC297ECD4600EC54A6 /* FirebaseInAppMessaging-Beta in Frameworks */,
				87CFAFDC297ECD0300EC54A6 /* FirebaseDatabaseSwift in Frameworks */,
				87CFAFFE297ECD4600EC54A6 /* FirebaseStorageCombine-Community in Frameworks */,
				87CFAFF8297ECD4600EC54A6 /* FirebaseRemoteConfig in Frameworks */,
				87CFAFE8297ECD4600EC54A6 /* FirebaseFunctions in Frameworks */,
				87CFAFD2297ECCF200EC54A6 /* FirebaseAppDistribution-Beta in Frameworks */,
				87CFAFF6297ECD4600EC54A6 /* FirebasePerformance in Frameworks */,
				87CFAFD6297ECCFA00EC54A6 /* FirebaseAuthCombine-Community in Frameworks */,
				87CFAFFC297ECD4600EC54A6 /* FirebaseStorage in Frameworks */,
				87CFAFEE297ECD4600EC54A6 /* FirebaseInAppMessagingSwift-Beta in Frameworks */,
				87CFAFDE297ECD0600EC54A6 /* FirebaseDynamicLinks in Frameworks */,
				87CFAFE2297ECD0B00EC54A6 /* FirebaseFirestoreCombine-Community in Frameworks */,
				87CFAFF0297ECD4600EC54A6 /* FirebaseInstallations in Frameworks */,
			);
			runOnlyForDeploymentPostprocessing = 0;
		};
/* End PBXFrameworksBuildPhase section */

/* Begin PBXGroup section */
		872491482975AB6700528B8A /* Autentication */ = {
			isa = PBXGroup;
			children = (
				872491492975AB8100528B8A /* LoginController.swift */,
				8724914B2975AC5800528B8A /* RegistrationController.swift */,
			);
			path = Autentication;
			sourceTree = "<group>";
		};
		87E91B822970450000A93AA8 = {
			isa = PBXGroup;
			children = (
				87E91B8D2970450000A93AA8 /* TwitterTutorial */,
				874E006A297FA7D900445093 /* TwitterTutorial.app */,
			);
			sourceTree = "<group>";
		};
		87E91B8D2970450000A93AA8 /* TwitterTutorial */ = {
			isa = PBXGroup;
			children = (
				87E91BA82970476600A93AA8 /* Model */,
				87E91BA72970476500A93AA8 /* View */,
				87E91BA62970476300A93AA8 /* ViewModel */,
				87E91BA52970476100A93AA8 /* Controller */,
				87E91BA42970475200A93AA8 /* API */,
				87E91BA22970454700A93AA8 /* Utilities */,
				87E91B8E2970450000A93AA8 /* AppDelegate.swift */,
				87E91B902970450000A93AA8 /* SceneDelegate.swift */,
				87E91B942970450000A93AA8 /* Main.storyboard */,
				87E91B972970450200A93AA8 /* Assets.xcassets */,
				87E91B992970450200A93AA8 /* LaunchScreen.storyboard */,
				872D3C4429786FB700D9EC0F /* GoogleService-Info.plist */,
				87E91B9C2970450200A93AA8 /* Info.plist */,
			);
			path = TwitterTutorial;
			sourceTree = "<group>";
		};
		87E91BA22970454700A93AA8 /* Utilities */ = {
			isa = PBXGroup;
			children = (
				87AE478329759AAB0035ACF9 /* Extensions.swift */,
				877911302976BEA300D0C687 /* Utilities.swift */,
				873EBE00297B02F800B1DABF /* Constants.swift */,
				87EB713B2993F267003E4176 /* ActionSheetLauncher.swift */,
			);
			path = Utilities;
			sourceTree = "<group>";
		};
		87E91BA42970475200A93AA8 /* API */ = {
			isa = PBXGroup;
			children = (
				8740D481297BD751001D7E95 /* AuthService.swift */,
				87CFAFFF297EEA0500EC54A6 /* UserService.swift */,
				87F639F629810793009F2376 /* TweetService.swift */,
			);
			name = API;
			path = "New Group1/API";
			sourceTree = "<group>";
		};
		87E91BA52970476100A93AA8 /* Controller */ = {
			isa = PBXGroup;
			children = (
				872491482975AB6700528B8A /* Autentication */,
				87E91BA92970487600A93AA8 /* MainTabController.swift */,
				87E91BAD297050E000A93AA8 /* FeedController.swift */,
				87E91BAF2970511B00A93AA8 /* ExploreController.swift */,
				87E91BB32970513800A93AA8 /* NotificationsController.swift */,
				87E91BB52970516100A93AA8 /* ConversationsController.swift */,
				87F639F2297FDE70009F2376 /* UploadTweetController.swift */,
				878EA88F29880F1700F63AC6 /* ProfileController.swift */,
				8778ECCB299146630091237C /* TweetController.swift */,
			);
			path = Controller;
			sourceTree = "<group>";
		};
		87E91BA62970476300A93AA8 /* ViewModel */ = {
			isa = PBXGroup;
			children = (
				87F639FC298177BD009F2376 /* TweetViewModel.swift */,
				87713A08298A8C7B00D06F92 /* ProfileHeaderViewModel.swift */,
				87EB71392992BB00003E4176 /* UploadTweetViewModel.swift */,
			);
			path = ViewModel;
			sourceTree = "<group>";
		};
		87E91BA72970476500A93AA8 /* View */ = {
			isa = PBXGroup;
			children = (
				87F639F4298013C8009F2376 /* CaptionTextView.swift */,
				87F639FA298132B5009F2376 /* TweetCell.swift */,
				878EA89129882D8900F63AC6 /* ProfileHeader.swift */,
				87C4BA74298945B800B69423 /* ProfileFilterView.swift */,
				87355097298C025400163DF5 /* UserCell.swift */,
				8778ECCD29914A3F0091237C /* TweetHeader.swift */,
				87C4BA762989519D00B69423 /* ProfileFilterCell.swift */,
				87EB713D29942304003E4176 /* ActionSheetCell.swift */,
			);
			path = View;
			sourceTree = "<group>";
		};
		87E91BA82970476600A93AA8 /* Model */ = {
			isa = PBXGroup;
			children = (
				87CFB001297EF54600EC54A6 /* User.swift */,
				87F639F829811E21009F2376 /* Tweet.swift */,
			);
			path = Model;
			sourceTree = "<group>";
		};
/* End PBXGroup section */

/* Begin PBXNativeTarget section */
		87E91B8A2970450000A93AA8 /* TwitterTutorial */ = {
			isa = PBXNativeTarget;
			buildConfigurationList = 87E91B9F2970450200A93AA8 /* Build configuration list for PBXNativeTarget "TwitterTutorial" */;
			buildPhases = (
				87E91B872970450000A93AA8 /* Sources */,
				87E91B882970450000A93AA8 /* Frameworks */,
				87E91B892970450000A93AA8 /* Resources */,
			);
			buildRules = (
			);
			dependencies = (
			);
			name = TwitterTutorial;
			packageProductDependencies = (
				87CFAFC7297ECCDF00EC54A6 /* FirebaseAnalytics */,
				87CFAFC9297ECCE400EC54A6 /* FirebaseAnalyticsOnDeviceConversion */,
				87CFAFCB297ECCE700EC54A6 /* FirebaseAnalyticsSwift */,
				87CFAFCD297ECCEA00EC54A6 /* FirebaseAnalyticsWithoutAdIdSupport */,
				87CFAFCF297ECCEF00EC54A6 /* FirebaseAppCheck */,
				87CFAFD1297ECCF200EC54A6 /* FirebaseAppDistribution-Beta */,
				87CFAFD3297ECCF600EC54A6 /* FirebaseAuth */,
				87CFAFD5297ECCFA00EC54A6 /* FirebaseAuthCombine-Community */,
				87CFAFD7297ECCFD00EC54A6 /* FirebaseCrashlytics */,
				87CFAFD9297ECD0100EC54A6 /* FirebaseDatabase */,
				87CFAFDB297ECD0300EC54A6 /* FirebaseDatabaseSwift */,
				87CFAFDD297ECD0600EC54A6 /* FirebaseDynamicLinks */,
				87CFAFDF297ECD0800EC54A6 /* FirebaseFirestore */,
				87CFAFE1297ECD0B00EC54A6 /* FirebaseFirestoreCombine-Community */,
				87CFAFE5297ECD4600EC54A6 /* FirebaseFirestoreSwift */,
				87CFAFE7297ECD4600EC54A6 /* FirebaseFunctions */,
				87CFAFE9297ECD4600EC54A6 /* FirebaseFunctionsCombine-Community */,
				87CFAFEB297ECD4600EC54A6 /* FirebaseInAppMessaging-Beta */,
				87CFAFED297ECD4600EC54A6 /* FirebaseInAppMessagingSwift-Beta */,
				87CFAFEF297ECD4600EC54A6 /* FirebaseInstallations */,
				87CFAFF1297ECD4600EC54A6 /* FirebaseMessaging */,
				87CFAFF3297ECD4600EC54A6 /* FirebaseMLModelDownloader */,
				87CFAFF5297ECD4600EC54A6 /* FirebasePerformance */,
				87CFAFF7297ECD4600EC54A6 /* FirebaseRemoteConfig */,
				87CFAFF9297ECD4600EC54A6 /* FirebaseRemoteConfigSwift */,
				87CFAFFB297ECD4600EC54A6 /* FirebaseStorage */,
				87CFAFFD297ECD4600EC54A6 /* FirebaseStorageCombine-Community */,
				874E006C297FA83700445093 /* SDWebImage */,
			);
			productName = TwitterTutorial;
			productReference = 874E006A297FA7D900445093 /* TwitterTutorial.app */;
			productType = "com.apple.product-type.application";
		};
/* End PBXNativeTarget section */

/* Begin PBXProject section */
		87E91B832970450000A93AA8 /* Project object */ = {
			isa = PBXProject;
			attributes = {
				BuildIndependentTargetsInParallel = 1;
				LastSwiftUpdateCheck = 1420;
				LastUpgradeCheck = 1420;
				TargetAttributes = {
					87E91B8A2970450000A93AA8 = {
						CreatedOnToolsVersion = 14.2;
					};
				};
			};
			buildConfigurationList = 87E91B862970450000A93AA8 /* Build configuration list for PBXProject "TwitterTutorial" */;
			compatibilityVersion = "Xcode 14.0";
			developmentRegion = en;
			hasScannedForEncodings = 0;
			knownRegions = (
				en,
				Base,
			);
			mainGroup = 87E91B822970450000A93AA8;
			packageReferences = (
				872D3C462978732F00D9EC0F /* XCRemoteSwiftPackageReference "firebase-ios-sdk" */,
				874E006B297FA83700445093 /* XCRemoteSwiftPackageReference "SDWebImage" */,
			);
			productRefGroup = 87E91B822970450000A93AA8;
			projectDirPath = "";
			projectRoot = "";
			targets = (
				87E91B8A2970450000A93AA8 /* TwitterTutorial */,
			);
		};
/* End PBXProject section */

/* Begin PBXResourcesBuildPhase section */
		87E91B892970450000A93AA8 /* Resources */ = {
			isa = PBXResourcesBuildPhase;
			buildActionMask = 2147483647;
			files = (
				87E91B9B2970450200A93AA8 /* LaunchScreen.storyboard in Resources */,
				872D3C4529786FB700D9EC0F /* GoogleService-Info.plist in Resources */,
				87E91B982970450200A93AA8 /* Assets.xcassets in Resources */,
				87E91B962970450000A93AA8 /* Main.storyboard in Resources */,
			);
			runOnlyForDeploymentPostprocessing = 0;
		};
/* End PBXResourcesBuildPhase section */

/* Begin PBXSourcesBuildPhase section */
		87E91B872970450000A93AA8 /* Sources */ = {
			isa = PBXSourcesBuildPhase;
			buildActionMask = 2147483647;
			files = (
				87CFB000297EEA0500EC54A6 /* UserService.swift in Sources */,
				87E91BB42970513800A93AA8 /* NotificationsController.swift in Sources */,
				87F639F5298013C8009F2376 /* CaptionTextView.swift in Sources */,
				87C4BA772989519D00B69423 /* ProfileFilterCell.swift in Sources */,
				87EB713A2992BB00003E4176 /* UploadTweetViewModel.swift in Sources */,
				87E91B8F2970450000A93AA8 /* AppDelegate.swift in Sources */,
				87355098298C025400163DF5 /* UserCell.swift in Sources */,
				87EB713E29942304003E4176 /* ActionSheetCell.swift in Sources */,
				877911312976BEA300D0C687 /* Utilities.swift in Sources */,
				87E91BB02970511B00A93AA8 /* ExploreController.swift in Sources */,
				87AE478429759AAB0035ACF9 /* Extensions.swift in Sources */,
				8778ECCC299146630091237C /* TweetController.swift in Sources */,
				878EA89029880F1700F63AC6 /* ProfileController.swift in Sources */,
				878EA89229882D8900F63AC6 /* ProfileHeader.swift in Sources */,
				87F639FB298132B5009F2376 /* TweetCell.swift in Sources */,
				87E91B912970450000A93AA8 /* SceneDelegate.swift in Sources */,
				8740D482297BD751001D7E95 /* AuthService.swift in Sources */,
				87713A09298A8C7B00D06F92 /* ProfileHeaderViewModel.swift in Sources */,
				87F639F3297FDE70009F2376 /* UploadTweetController.swift in Sources */,
				87CFB002297EF54600EC54A6 /* User.swift in Sources */,
				87E91BAA2970487600A93AA8 /* MainTabController.swift in Sources */,
				87E91BB62970516100A93AA8 /* ConversationsController.swift in Sources */,
				8724914A2975AB8100528B8A /* LoginController.swift in Sources */,
				8778ECCE29914A3F0091237C /* TweetHeader.swift in Sources */,
				87F639FD298177BD009F2376 /* TweetViewModel.swift in Sources */,
				8724914C2975AC5800528B8A /* RegistrationController.swift in Sources */,
				87E91BAE297050E000A93AA8 /* FeedController.swift in Sources */,
				873EBE01297B02F800B1DABF /* Constants.swift in Sources */,
				87F639F929811E21009F2376 /* Tweet.swift in Sources */,
				87EB713C2993F267003E4176 /* ActionSheetLauncher.swift in Sources */,
				87F639F729810793009F2376 /* TweetService.swift in Sources */,
				87C4BA75298945B800B69423 /* ProfileFilterView.swift in Sources */,
			);
			runOnlyForDeploymentPostprocessing = 0;
		};
/* End PBXSourcesBuildPhase section */

/* Begin PBXVariantGroup section */
		87E91B942970450000A93AA8 /* Main.storyboard */ = {
			isa = PBXVariantGroup;
			children = (
				87E91B952970450000A93AA8 /* Base */,
			);
			name = Main.storyboard;
			sourceTree = "<group>";
		};
		87E91B992970450200A93AA8 /* LaunchScreen.storyboard */ = {
			isa = PBXVariantGroup;
			children = (
				87E91B9A2970450200A93AA8 /* Base */,
			);
			name = LaunchScreen.storyboard;
			sourceTree = "<group>";
		};
/* End PBXVariantGroup section */

/* Begin XCBuildConfiguration section */
		87E91B9D2970450200A93AA8 /* Debug */ = {
			isa = XCBuildConfiguration;
			buildSettings = {
				ALWAYS_SEARCH_USER_PATHS = NO;
				CLANG_ANALYZER_NONNULL = YES;
				CLANG_ANALYZER_NUMBER_OBJECT_CONVERSION = YES_AGGRESSIVE;
				CLANG_CXX_LANGUAGE_STANDARD = "gnu++20";
				CLANG_ENABLE_MODULES = YES;
				CLANG_ENABLE_OBJC_ARC = YES;
				CLANG_ENABLE_OBJC_WEAK = YES;
				CLANG_WARN_BLOCK_CAPTURE_AUTORELEASING = YES;
				CLANG_WARN_BOOL_CONVERSION = YES;
				CLANG_WARN_COMMA = YES;
				CLANG_WARN_CONSTANT_CONVERSION = YES;
				CLANG_WARN_DEPRECATED_OBJC_IMPLEMENTATIONS = YES;
				CLANG_WARN_DIRECT_OBJC_ISA_USAGE = YES_ERROR;
				CLANG_WARN_DOCUMENTATION_COMMENTS = YES;
				CLANG_WARN_EMPTY_BODY = YES;
				CLANG_WARN_ENUM_CONVERSION = YES;
				CLANG_WARN_INFINITE_RECURSION = YES;
				CLANG_WARN_INT_CONVERSION = YES;
				CLANG_WARN_NON_LITERAL_NULL_CONVERSION = YES;
				CLANG_WARN_OBJC_IMPLICIT_RETAIN_SELF = YES;
				CLANG_WARN_OBJC_LITERAL_CONVERSION = YES;
				CLANG_WARN_OBJC_ROOT_CLASS = YES_ERROR;
				CLANG_WARN_QUOTED_INCLUDE_IN_FRAMEWORK_HEADER = YES;
				CLANG_WARN_RANGE_LOOP_ANALYSIS = YES;
				CLANG_WARN_STRICT_PROTOTYPES = YES;
				CLANG_WARN_SUSPICIOUS_MOVE = YES;
				CLANG_WARN_UNGUARDED_AVAILABILITY = YES_AGGRESSIVE;
				CLANG_WARN_UNREACHABLE_CODE = YES;
				CLANG_WARN__DUPLICATE_METHOD_MATCH = YES;
				COPY_PHASE_STRIP = NO;
				DEBUG_INFORMATION_FORMAT = dwarf;
				ENABLE_STRICT_OBJC_MSGSEND = YES;
				ENABLE_TESTABILITY = YES;
				GCC_C_LANGUAGE_STANDARD = gnu11;
				GCC_DYNAMIC_NO_PIC = NO;
				GCC_NO_COMMON_BLOCKS = YES;
				GCC_OPTIMIZATION_LEVEL = 0;
				GCC_PREPROCESSOR_DEFINITIONS = (
					"DEBUG=1",
					"$(inherited)",
				);
				GCC_WARN_64_TO_32_BIT_CONVERSION = YES;
				GCC_WARN_ABOUT_RETURN_TYPE = YES_ERROR;
				GCC_WARN_UNDECLARED_SELECTOR = YES;
				GCC_WARN_UNINITIALIZED_AUTOS = YES_AGGRESSIVE;
				GCC_WARN_UNUSED_FUNCTION = YES;
				GCC_WARN_UNUSED_VARIABLE = YES;
				IPHONEOS_DEPLOYMENT_TARGET = 15.0;
				MTL_ENABLE_DEBUG_INFO = INCLUDE_SOURCE;
				MTL_FAST_MATH = YES;
				ONLY_ACTIVE_ARCH = YES;
				SDKROOT = iphoneos;
				SWIFT_ACTIVE_COMPILATION_CONDITIONS = DEBUG;
				SWIFT_OPTIMIZATION_LEVEL = "-Onone";
			};
			name = Debug;
		};
		87E91B9E2970450200A93AA8 /* Release */ = {
			isa = XCBuildConfiguration;
			buildSettings = {
				ALWAYS_SEARCH_USER_PATHS = NO;
				CLANG_ANALYZER_NONNULL = YES;
				CLANG_ANALYZER_NUMBER_OBJECT_CONVERSION = YES_AGGRESSIVE;
				CLANG_CXX_LANGUAGE_STANDARD = "gnu++20";
				CLANG_ENABLE_MODULES = YES;
				CLANG_ENABLE_OBJC_ARC = YES;
				CLANG_ENABLE_OBJC_WEAK = YES;
				CLANG_WARN_BLOCK_CAPTURE_AUTORELEASING = YES;
				CLANG_WARN_BOOL_CONVERSION = YES;
				CLANG_WARN_COMMA = YES;
				CLANG_WARN_CONSTANT_CONVERSION = YES;
				CLANG_WARN_DEPRECATED_OBJC_IMPLEMENTATIONS = YES;
				CLANG_WARN_DIRECT_OBJC_ISA_USAGE = YES_ERROR;
				CLANG_WARN_DOCUMENTATION_COMMENTS = YES;
				CLANG_WARN_EMPTY_BODY = YES;
				CLANG_WARN_ENUM_CONVERSION = YES;
				CLANG_WARN_INFINITE_RECURSION = YES;
				CLANG_WARN_INT_CONVERSION = YES;
				CLANG_WARN_NON_LITERAL_NULL_CONVERSION = YES;
				CLANG_WARN_OBJC_IMPLICIT_RETAIN_SELF = YES;
				CLANG_WARN_OBJC_LITERAL_CONVERSION = YES;
				CLANG_WARN_OBJC_ROOT_CLASS = YES_ERROR;
				CLANG_WARN_QUOTED_INCLUDE_IN_FRAMEWORK_HEADER = YES;
				CLANG_WARN_RANGE_LOOP_ANALYSIS = YES;
				CLANG_WARN_STRICT_PROTOTYPES = YES;
				CLANG_WARN_SUSPICIOUS_MOVE = YES;
				CLANG_WARN_UNGUARDED_AVAILABILITY = YES_AGGRESSIVE;
				CLANG_WARN_UNREACHABLE_CODE = YES;
				CLANG_WARN__DUPLICATE_METHOD_MATCH = YES;
				COPY_PHASE_STRIP = NO;
				DEBUG_INFORMATION_FORMAT = "dwarf-with-dsym";
				ENABLE_NS_ASSERTIONS = NO;
				ENABLE_STRICT_OBJC_MSGSEND = YES;
				GCC_C_LANGUAGE_STANDARD = gnu11;
				GCC_NO_COMMON_BLOCKS = YES;
				GCC_WARN_64_TO_32_BIT_CONVERSION = YES;
				GCC_WARN_ABOUT_RETURN_TYPE = YES_ERROR;
				GCC_WARN_UNDECLARED_SELECTOR = YES;
				GCC_WARN_UNINITIALIZED_AUTOS = YES_AGGRESSIVE;
				GCC_WARN_UNUSED_FUNCTION = YES;
				GCC_WARN_UNUSED_VARIABLE = YES;
				IPHONEOS_DEPLOYMENT_TARGET = 15.0;
				MTL_ENABLE_DEBUG_INFO = NO;
				MTL_FAST_MATH = YES;
				SDKROOT = iphoneos;
				SWIFT_COMPILATION_MODE = wholemodule;
				SWIFT_OPTIMIZATION_LEVEL = "-O";
				VALIDATE_PRODUCT = YES;
			};
			name = Release;
		};
		87E91BA02970450200A93AA8 /* Debug */ = {
			isa = XCBuildConfiguration;
			buildSettings = {
				ASSETCATALOG_COMPILER_APPICON_NAME = AppIcon;
				ASSETCATALOG_COMPILER_GLOBAL_ACCENT_COLOR_NAME = AccentColor;
				CODE_SIGN_STYLE = Automatic;
				CURRENT_PROJECT_VERSION = 1;
				DEVELOPMENT_TEAM = S5QF774VV5;
				GENERATE_INFOPLIST_FILE = YES;
				INFOPLIST_FILE = TwitterTutorial/Info.plist;
				INFOPLIST_KEY_UIApplicationSupportsIndirectInputEvents = YES;
				INFOPLIST_KEY_UILaunchStoryboardName = LaunchScreen;
				INFOPLIST_KEY_UIMainStoryboardFile = Main;
				INFOPLIST_KEY_UIRequiresFullScreen = NO;
				INFOPLIST_KEY_UIStatusBarStyle = "";
				INFOPLIST_KEY_UISupportedInterfaceOrientations_iPad = "UIInterfaceOrientationPortrait UIInterfaceOrientationPortraitUpsideDown UIInterfaceOrientationLandscapeLeft UIInterfaceOrientationLandscapeRight";
				INFOPLIST_KEY_UISupportedInterfaceOrientations_iPhone = "UIInterfaceOrientationPortrait UIInterfaceOrientationLandscapeLeft UIInterfaceOrientationLandscapeRight";
				IPHONEOS_DEPLOYMENT_TARGET = 15.0;
				LD_RUNPATH_SEARCH_PATHS = (
					"$(inherited)",
					"@executable_path/Frameworks",
				);
				MARKETING_VERSION = 1.0;
				PRODUCT_BUNDLE_IDENTIFIER = ivanKhudyakov.TwitterTutorial;
				PRODUCT_NAME = "$(TARGET_NAME)";
				SWIFT_EMIT_LOC_STRINGS = YES;
				SWIFT_VERSION = 5.0;
				TARGETED_DEVICE_FAMILY = "1,2";
			};
			name = Debug;
		};
		87E91BA12970450200A93AA8 /* Release */ = {
			isa = XCBuildConfiguration;
			buildSettings = {
				ASSETCATALOG_COMPILER_APPICON_NAME = AppIcon;
				ASSETCATALOG_COMPILER_GLOBAL_ACCENT_COLOR_NAME = AccentColor;
				CODE_SIGN_STYLE = Automatic;
				CURRENT_PROJECT_VERSION = 1;
				DEVELOPMENT_TEAM = S5QF774VV5;
				GENERATE_INFOPLIST_FILE = YES;
				INFOPLIST_FILE = TwitterTutorial/Info.plist;
				INFOPLIST_KEY_UIApplicationSupportsIndirectInputEvents = YES;
				INFOPLIST_KEY_UILaunchStoryboardName = LaunchScreen;
				INFOPLIST_KEY_UIMainStoryboardFile = Main;
				INFOPLIST_KEY_UIRequiresFullScreen = NO;
				INFOPLIST_KEY_UIStatusBarStyle = "";
				INFOPLIST_KEY_UISupportedInterfaceOrientations_iPad = "UIInterfaceOrientationPortrait UIInterfaceOrientationPortraitUpsideDown UIInterfaceOrientationLandscapeLeft UIInterfaceOrientationLandscapeRight";
				INFOPLIST_KEY_UISupportedInterfaceOrientations_iPhone = "UIInterfaceOrientationPortrait UIInterfaceOrientationLandscapeLeft UIInterfaceOrientationLandscapeRight";
				IPHONEOS_DEPLOYMENT_TARGET = 15.0;
				LD_RUNPATH_SEARCH_PATHS = (
					"$(inherited)",
					"@executable_path/Frameworks",
				);
				MARKETING_VERSION = 1.0;
				PRODUCT_BUNDLE_IDENTIFIER = ivanKhudyakov.TwitterTutorial;
				PRODUCT_NAME = "$(TARGET_NAME)";
				SWIFT_EMIT_LOC_STRINGS = YES;
				SWIFT_VERSION = 5.0;
				TARGETED_DEVICE_FAMILY = "1,2";
			};
			name = Release;
		};
/* End XCBuildConfiguration section */

/* Begin XCConfigurationList section */
		87E91B862970450000A93AA8 /* Build configuration list for PBXProject "TwitterTutorial" */ = {
			isa = XCConfigurationList;
			buildConfigurations = (
				87E91B9D2970450200A93AA8 /* Debug */,
				87E91B9E2970450200A93AA8 /* Release */,
			);
			defaultConfigurationIsVisible = 0;
			defaultConfigurationName = Release;
		};
		87E91B9F2970450200A93AA8 /* Build configuration list for PBXNativeTarget "TwitterTutorial" */ = {
			isa = XCConfigurationList;
			buildConfigurations = (
				87E91BA02970450200A93AA8 /* Debug */,
				87E91BA12970450200A93AA8 /* Release */,
			);
			defaultConfigurationIsVisible = 0;
			defaultConfigurationName = Release;
		};
/* End XCConfigurationList section */

/* Begin XCRemoteSwiftPackageReference section */
		872D3C462978732F00D9EC0F /* XCRemoteSwiftPackageReference "firebase-ios-sdk" */ = {
			isa = XCRemoteSwiftPackageReference;
			repositoryURL = "https://github.com/firebase/firebase-ios-sdk";
			requirement = {
				kind = upToNextMajorVersion;
				minimumVersion = 10.0.0;
			};
		};
		874E006B297FA83700445093 /* XCRemoteSwiftPackageReference "SDWebImage" */ = {
			isa = XCRemoteSwiftPackageReference;
			repositoryURL = "https://github.com/SDWebImage/SDWebImage";
			requirement = {
				kind = upToNextMajorVersion;
				minimumVersion = 5.0.0;
			};
		};
/* End XCRemoteSwiftPackageReference section */

/* Begin XCSwiftPackageProductDependency section */
		874E006C297FA83700445093 /* SDWebImage */ = {
			isa = XCSwiftPackageProductDependency;
			package = 874E006B297FA83700445093 /* XCRemoteSwiftPackageReference "SDWebImage" */;
			productName = SDWebImage;
		};
		87CFAFC7297ECCDF00EC54A6 /* FirebaseAnalytics */ = {
			isa = XCSwiftPackageProductDependency;
			package = 872D3C462978732F00D9EC0F /* XCRemoteSwiftPackageReference "firebase-ios-sdk" */;
			productName = FirebaseAnalytics;
		};
		87CFAFC9297ECCE400EC54A6 /* FirebaseAnalyticsOnDeviceConversion */ = {
			isa = XCSwiftPackageProductDependency;
			package = 872D3C462978732F00D9EC0F /* XCRemoteSwiftPackageReference "firebase-ios-sdk" */;
			productName = FirebaseAnalyticsOnDeviceConversion;
		};
		87CFAFCB297ECCE700EC54A6 /* FirebaseAnalyticsSwift */ = {
			isa = XCSwiftPackageProductDependency;
			package = 872D3C462978732F00D9EC0F /* XCRemoteSwiftPackageReference "firebase-ios-sdk" */;
			productName = FirebaseAnalyticsSwift;
		};
		87CFAFCD297ECCEA00EC54A6 /* FirebaseAnalyticsWithoutAdIdSupport */ = {
			isa = XCSwiftPackageProductDependency;
			package = 872D3C462978732F00D9EC0F /* XCRemoteSwiftPackageReference "firebase-ios-sdk" */;
			productName = FirebaseAnalyticsWithoutAdIdSupport;
		};
		87CFAFCF297ECCEF00EC54A6 /* FirebaseAppCheck */ = {
			isa = XCSwiftPackageProductDependency;
			package = 872D3C462978732F00D9EC0F /* XCRemoteSwiftPackageReference "firebase-ios-sdk" */;
			productName = FirebaseAppCheck;
		};
		87CFAFD1297ECCF200EC54A6 /* FirebaseAppDistribution-Beta */ = {
			isa = XCSwiftPackageProductDependency;
			package = 872D3C462978732F00D9EC0F /* XCRemoteSwiftPackageReference "firebase-ios-sdk" */;
			productName = "FirebaseAppDistribution-Beta";
		};
		87CFAFD3297ECCF600EC54A6 /* FirebaseAuth */ = {
			isa = XCSwiftPackageProductDependency;
			package = 872D3C462978732F00D9EC0F /* XCRemoteSwiftPackageReference "firebase-ios-sdk" */;
			productName = FirebaseAuth;
		};
		87CFAFD5297ECCFA00EC54A6 /* FirebaseAuthCombine-Community */ = {
			isa = XCSwiftPackageProductDependency;
			package = 872D3C462978732F00D9EC0F /* XCRemoteSwiftPackageReference "firebase-ios-sdk" */;
			productName = "FirebaseAuthCombine-Community";
		};
		87CFAFD7297ECCFD00EC54A6 /* FirebaseCrashlytics */ = {
			isa = XCSwiftPackageProductDependency;
			package = 872D3C462978732F00D9EC0F /* XCRemoteSwiftPackageReference "firebase-ios-sdk" */;
			productName = FirebaseCrashlytics;
		};
		87CFAFD9297ECD0100EC54A6 /* FirebaseDatabase */ = {
			isa = XCSwiftPackageProductDependency;
			package = 872D3C462978732F00D9EC0F /* XCRemoteSwiftPackageReference "firebase-ios-sdk" */;
			productName = FirebaseDatabase;
		};
		87CFAFDB297ECD0300EC54A6 /* FirebaseDatabaseSwift */ = {
			isa = XCSwiftPackageProductDependency;
			package = 872D3C462978732F00D9EC0F /* XCRemoteSwiftPackageReference "firebase-ios-sdk" */;
			productName = FirebaseDatabaseSwift;
		};
		87CFAFDD297ECD0600EC54A6 /* FirebaseDynamicLinks */ = {
			isa = XCSwiftPackageProductDependency;
			package = 872D3C462978732F00D9EC0F /* XCRemoteSwiftPackageReference "firebase-ios-sdk" */;
			productName = FirebaseDynamicLinks;
		};
		87CFAFDF297ECD0800EC54A6 /* FirebaseFirestore */ = {
			isa = XCSwiftPackageProductDependency;
			package = 872D3C462978732F00D9EC0F /* XCRemoteSwiftPackageReference "firebase-ios-sdk" */;
			productName = FirebaseFirestore;
		};
		87CFAFE1297ECD0B00EC54A6 /* FirebaseFirestoreCombine-Community */ = {
			isa = XCSwiftPackageProductDependency;
			package = 872D3C462978732F00D9EC0F /* XCRemoteSwiftPackageReference "firebase-ios-sdk" */;
			productName = "FirebaseFirestoreCombine-Community";
		};
		87CFAFE5297ECD4600EC54A6 /* FirebaseFirestoreSwift */ = {
			isa = XCSwiftPackageProductDependency;
			package = 872D3C462978732F00D9EC0F /* XCRemoteSwiftPackageReference "firebase-ios-sdk" */;
			productName = FirebaseFirestoreSwift;
		};
		87CFAFE7297ECD4600EC54A6 /* FirebaseFunctions */ = {
			isa = XCSwiftPackageProductDependency;
			package = 872D3C462978732F00D9EC0F /* XCRemoteSwiftPackageReference "firebase-ios-sdk" */;
			productName = FirebaseFunctions;
		};
		87CFAFE9297ECD4600EC54A6 /* FirebaseFunctionsCombine-Community */ = {
			isa = XCSwiftPackageProductDependency;
			package = 872D3C462978732F00D9EC0F /* XCRemoteSwiftPackageReference "firebase-ios-sdk" */;
			productName = "FirebaseFunctionsCombine-Community";
		};
		87CFAFEB297ECD4600EC54A6 /* FirebaseInAppMessaging-Beta */ = {
			isa = XCSwiftPackageProductDependency;
			package = 872D3C462978732F00D9EC0F /* XCRemoteSwiftPackageReference "firebase-ios-sdk" */;
			productName = "FirebaseInAppMessaging-Beta";
		};
		87CFAFED297ECD4600EC54A6 /* FirebaseInAppMessagingSwift-Beta */ = {
			isa = XCSwiftPackageProductDependency;
			package = 872D3C462978732F00D9EC0F /* XCRemoteSwiftPackageReference "firebase-ios-sdk" */;
			productName = "FirebaseInAppMessagingSwift-Beta";
		};
		87CFAFEF297ECD4600EC54A6 /* FirebaseInstallations */ = {
			isa = XCSwiftPackageProductDependency;
			package = 872D3C462978732F00D9EC0F /* XCRemoteSwiftPackageReference "firebase-ios-sdk" */;
			productName = FirebaseInstallations;
		};
		87CFAFF1297ECD4600EC54A6 /* FirebaseMessaging */ = {
			isa = XCSwiftPackageProductDependency;
			package = 872D3C462978732F00D9EC0F /* XCRemoteSwiftPackageReference "firebase-ios-sdk" */;
			productName = FirebaseMessaging;
		};
		87CFAFF3297ECD4600EC54A6 /* FirebaseMLModelDownloader */ = {
			isa = XCSwiftPackageProductDependency;
			package = 872D3C462978732F00D9EC0F /* XCRemoteSwiftPackageReference "firebase-ios-sdk" */;
			productName = FirebaseMLModelDownloader;
		};
		87CFAFF5297ECD4600EC54A6 /* FirebasePerformance */ = {
			isa = XCSwiftPackageProductDependency;
			package = 872D3C462978732F00D9EC0F /* XCRemoteSwiftPackageReference "firebase-ios-sdk" */;
			productName = FirebasePerformance;
		};
		87CFAFF7297ECD4600EC54A6 /* FirebaseRemoteConfig */ = {
			isa = XCSwiftPackageProductDependency;
			package = 872D3C462978732F00D9EC0F /* XCRemoteSwiftPackageReference "firebase-ios-sdk" */;
			productName = FirebaseRemoteConfig;
		};
		87CFAFF9297ECD4600EC54A6 /* FirebaseRemoteConfigSwift */ = {
			isa = XCSwiftPackageProductDependency;
			package = 872D3C462978732F00D9EC0F /* XCRemoteSwiftPackageReference "firebase-ios-sdk" */;
			productName = FirebaseRemoteConfigSwift;
		};
		87CFAFFB297ECD4600EC54A6 /* FirebaseStorage */ = {
			isa = XCSwiftPackageProductDependency;
			package = 872D3C462978732F00D9EC0F /* XCRemoteSwiftPackageReference "firebase-ios-sdk" */;
			productName = FirebaseStorage;
		};
		87CFAFFD297ECD4600EC54A6 /* FirebaseStorageCombine-Community */ = {
			isa = XCSwiftPackageProductDependency;
			package = 872D3C462978732F00D9EC0F /* XCRemoteSwiftPackageReference "firebase-ios-sdk" */;
			productName = "FirebaseStorageCombine-Community";
		};
/* End XCSwiftPackageProductDependency section */
	};
	rootObject = 87E91B832970450000A93AA8 /* Project object */;
}
